
Microsoft Visual Studio Solution File, Format Version 12.00
# Visual Studio Version 17
VisualStudioVersion = 17.9.34714.143
MinimumVisualStudioVersion = 10.0.40219.1
Project("{9A19103F-16F7-4668-BE54-9A1E7A4F7556}") = "estatedocflow.api", "estatedocflow.api\estatedocflow.api.csproj", "{91A8BC62-7B15-433B-8795-C10CFCB6E400}"
EndProject
Project("{FAE04EC0-301F-11D3-BF4B-00C04F79EFBC}") = "estatedocflow.api.tests", "estatedocflow.api.tests\estatedocflow.api.tests.csproj", "{3D4199DE-1209-420A-AC37-E25754F0CB23}"
EndProject
Global
	GlobalSection(SolutionConfigurationPlatforms) = preSolution
		Debug|Any CPU = Debug|Any CPU
		Release|Any CPU = Release|Any CPU
	EndGlobalSection
	GlobalSection(ProjectConfigurationPlatforms) = postSolution
		{91A8BC62-7B15-433B-8795-C10CFCB6E400}.Debug|Any CPU.ActiveCfg = Debug|Any CPU
		{91A8BC62-7B15-433B-8795-C10CFCB6E400}.Debug|Any CPU.Build.0 = Debug|Any CPU
		{91A8BC62-7B15-433B-8795-C10CFCB6E400}.Release|Any CPU.ActiveCfg = Release|Any CPU
		{91A8BC62-7B15-433B-8795-C10CFCB6E400}.Release|Any CPU.Build.0 = Release|Any CPU
		{CFA3165A-0162-4E97-8F98-55FE939CBFE5}.Debug|Any CPU.ActiveCfg = Debug|Any CPU
		{CFA3165A-0162-4E97-8F98-55FE939CBFE5}.Debug|Any CPU.Build.0 = Debug|Any CPU
		{CFA3165A-0162-4E97-8F98-55FE939CBFE5}.Release|Any CPU.ActiveCfg = Release|Any CPU
		{CFA3165A-0162-4E97-8F98-55FE939CBFE5}.Release|Any CPU.Build.0 = Release|Any CPU
		{0C365A64-CE76-4790-BBC1-23BD23FEE2BB}.Debug|Any CPU.ActiveCfg = Debug|Any CPU
		{0C365A64-CE76-4790-BBC1-23BD23FEE2BB}.Debug|Any CPU.Build.0 = Debug|Any CPU
		{0C365A64-CE76-4790-BBC1-23BD23FEE2BB}.Release|Any CPU.ActiveCfg = Release|Any CPU
		{0C365A64-CE76-4790-BBC1-23BD23FEE2BB}.Release|Any CPU.Build.0 = Release|Any CPU
		{B8A7DE62-2F5A-4831-854F-7A9B2C9362C9}.Debug|Any CPU.ActiveCfg = Debug|Any CPU
		{B8A7DE62-2F5A-4831-854F-7A9B2C9362C9}.Debug|Any CPU.Build.0 = Debug|Any CPU
		{B8A7DE62-2F5A-4831-854F-7A9B2C9362C9}.Release|Any CPU.ActiveCfg = Release|Any CPU
		{B8A7DE62-2F5A-4831-854F-7A9B2C9362C9}.Release|Any CPU.Build.0 = Release|Any CPU
		{3D4199DE-1209-420A-AC37-E25754F0CB23}.Debug|Any CPU.ActiveCfg = Debug|Any CPU
		{3D4199DE-1209-420A-AC37-E25754F0CB23}.Debug|Any CPU.Build.0 = Debug|Any CPU
		{3D4199DE-1209-420A-AC37-E25754F0CB23}.Release|Any CPU.ActiveCfg = Release|Any CPU
		{3D4199DE-1209-420A-AC37-E25754F0CB23}.Release|Any CPU.Build.0 = Release|Any CPU
	EndGlobalSection
	GlobalSection(SolutionProperties) = preSolution
		HideSolutionNode = FALSE
	EndGlobalSection
	GlobalSection(ExtensibilityGlobals) = postSolution
		SolutionGuid = {2D14CDEE-0A9B-4725-87B4-2C4D0489AC70}
	EndGlobalSection
EndGlobal
